
Microsoft Visual Studio Solution File, Format Version 12.00
# Visual Studio Version 17
VisualStudioVersion = 17.14.36705.20 d17.14
MinimumVisualStudioVersion = 10.0.40219.1
Project("{FAE04EC0-301F-11D3-BF4B-00C04F79EFBC}") = "RiskClassifier", "RiskClassifier.csproj", "{4908DAAD-5AE7-3113-BCB5-FEA427B46336}"
EndProject
Global
	GlobalSection(SolutionConfigurationPlatforms) = preSolution
		Debug|Any CPU = Debug|Any CPU
		Release|Any CPU = Release|Any CPU
	EndGlobalSection
	GlobalSection(ProjectConfigurationPlatforms) = postSolution
		{4908DAAD-5AE7-3113-BCB5-FEA427B46336}.Debug|Any CPU.ActiveCfg = Debug|Any CPU
		{4908DAAD-5AE7-3113-BCB5-FEA427B46336}.Debug|Any CPU.Build.0 = Debug|Any CPU
		{4908DAAD-5AE7-3113-BCB5-FEA427B46336}.Release|Any CPU.ActiveCfg = Release|Any CPU
		{4908DAAD-5AE7-3113-BCB5-FEA427B46336}.Release|Any CPU.Build.0 = Release|Any CPU
	EndGlobalSection
	GlobalSection(SolutionProperties) = preSolution
		HideSolutionNode = FALSE
	EndGlobalSection
	GlobalSection(ExtensibilityGlobals) = postSolution
		SolutionGuid = {9B58E82F-A9FB-4487-AB72-26ECA3EFE910}
	EndGlobalSection
EndGlobal
